
Microsoft Visual Studio Solution File, Format Version 12.00
# Visual Studio 14
VisualStudioVersion = 14.0.25420.1
MinimumVisualStudioVersion = 10.0.40219.1
Project("{FAE04EC0-301F-11D3-BF4B-00C04F79EFBC}") = "tp8-taller1-LunaPerdigonConradoLeon", "tp8-taller1-LunaPerdigonConradoLeon\tp8-taller1-LunaPerdigonConradoLeon.csproj", "{F666CD68-87C7-413E-A56E-B0FA81B44AA0}"
EndProject
Global
	GlobalSection(SolutionConfigurationPlatforms) = preSolution
		Debug|Any CPU = Debug|Any CPU
		Release|Any CPU = Release|Any CPU
	EndGlobalSection
	GlobalSection(ProjectConfigurationPlatforms) = postSolution
		{F666CD68-87C7-413E-A56E-B0FA81B44AA0}.Debug|Any CPU.ActiveCfg = Debug|Any CPU
		{F666CD68-87C7-413E-A56E-B0FA81B44AA0}.Debug|Any CPU.Build.0 = Debug|Any CPU
		{F666CD68-87C7-413E-A56E-B0FA81B44AA0}.Release|Any CPU.ActiveCfg = Release|Any CPU
		{F666CD68-87C7-413E-A56E-B0FA81B44AA0}.Release|Any CPU.Build.0 = Release|Any CPU
	EndGlobalSection
	GlobalSection(SolutionProperties) = preSolution
		HideSolutionNode = FALSE
	EndGlobalSection
EndGlobal
